// !$*UTF8*$!
{
	archiveVersion = 1;
	classes = {
	};
	objectVersion = 52;
	objects = {

/* Begin PBXBuildFile section */
		87035DF2282201A500055378 /* TimerVM.swift in Sources */ = {isa = PBXBuildFile; fileRef = 87035DF1282201A500055378 /* TimerVM.swift */; };
		87035DF7282225C800055378 /* Protocols.swift in Sources */ = {isa = PBXBuildFile; fileRef = 87035DF6282225C800055378 /* Protocols.swift */; };
		870AE71E25E52941004DD27E /* ContentView.swift in Sources */ = {isa = PBXBuildFile; fileRef = 870AE71D25E52941004DD27E /* ContentView.swift */; };
		872C0EDB284ADD8300E8E3F2 /* SettingUpdateListVC.swift in Sources */ = {isa = PBXBuildFile; fileRef = 872C0EDA284ADD8300E8E3F2 /* SettingUpdateListVC.swift */; };
		872C0EDE284AE52800E8E3F2 /* SettingFunctionsListVC.swift in Sources */ = {isa = PBXBuildFile; fileRef = 872C0EDD284AE52800E8E3F2 /* SettingFunctionsListVC.swift */; };
		872C0EE1284AE57200E8E3F2 /* SettingTiTiFactoryListVC.swift in Sources */ = {isa = PBXBuildFile; fileRef = 872C0EE0284AE57200E8E3F2 /* SettingTiTiFactoryListVC.swift */; };
		872C0EE3284AF26A00E8E3F2 /* UpdateListVM.swift in Sources */ = {isa = PBXBuildFile; fileRef = 872C0EE2284AF26A00E8E3F2 /* UpdateListVM.swift */; };
		872C0EE6284AF31000E8E3F2 /* UpdateInfo.swift in Sources */ = {isa = PBXBuildFile; fileRef = 872C0EE5284AF31000E8E3F2 /* UpdateInfo.swift */; };
		872C0EE8284AF5F600E8E3F2 /* UpdateInfoCell.swift in Sources */ = {isa = PBXBuildFile; fileRef = 872C0EE7284AF5F600E8E3F2 /* UpdateInfoCell.swift */; };
		872DE54325DCE82700097560 /* SetTimerViewController2.swift in Sources */ = {isa = PBXBuildFile; fileRef = 872DE54225DCE82700097560 /* SetTimerViewController2.swift */; };
		87459704263FEF6B00172C0F /* TimerViewController.swift in Sources */ = {isa = PBXBuildFile; fileRef = 87459703263FEF6B00172C0F /* TimerViewController.swift */; };
		87459706263FF0D700172C0F /* Daily.swift in Sources */ = {isa = PBXBuildFile; fileRef = 87459705263FF0D700172C0F /* Daily.swift */; };
		87459708263FF0F000172C0F /* Storage.swift in Sources */ = {isa = PBXBuildFile; fileRef = 87459707263FF0F000172C0F /* Storage.swift */; };
		874964F52649590700113E25 /* StopwatchViewController.swift in Sources */ = {isa = PBXBuildFile; fileRef = 874964F42649590700113E25 /* StopwatchViewController.swift */; };
		874B9D1925CAB233006FCD04 /* HGGGOTHICSSI_PRO_00G.otf in Resources */ = {isa = PBXBuildFile; fileRef = 874B9D1325CAB232006FCD04 /* HGGGOTHICSSI_PRO_00G.otf */; };
		874B9D1A25CAB233006FCD04 /* HGGGOTHICSSI_PRO_60G.otf in Resources */ = {isa = PBXBuildFile; fileRef = 874B9D1425CAB233006FCD04 /* HGGGOTHICSSI_PRO_60G.otf */; };
		874B9D1B25CAB233006FCD04 /* HGGGOTHICSSI_PRO_80G.otf in Resources */ = {isa = PBXBuildFile; fileRef = 874B9D1525CAB233006FCD04 /* HGGGOTHICSSI_PRO_80G.otf */; };
		874B9D1C25CAB233006FCD04 /* HGGGOTHICSSI_PRO_99G.otf in Resources */ = {isa = PBXBuildFile; fileRef = 874B9D1625CAB233006FCD04 /* HGGGOTHICSSI_PRO_99G.otf */; };
		874B9D1D25CAB233006FCD04 /* HGGGOTHICSSI_PRO_20G.otf in Resources */ = {isa = PBXBuildFile; fileRef = 874B9D1725CAB233006FCD04 /* HGGGOTHICSSI_PRO_20G.otf */; };
		874B9D1E25CAB233006FCD04 /* HGGGOTHICSSI_PRO_40G.otf in Resources */ = {isa = PBXBuildFile; fileRef = 874B9D1825CAB233006FCD04 /* HGGGOTHICSSI_PRO_40G.otf */; };
		8751C6F428472066007FAFC4 /* SettingCell.swift in Sources */ = {isa = PBXBuildFile; fileRef = 8751C6F328472066007FAFC4 /* SettingCell.swift */; };
		8751C6F628472133007FAFC4 /* SettingCellInfo.swift in Sources */ = {isa = PBXBuildFile; fileRef = 8751C6F528472133007FAFC4 /* SettingCellInfo.swift */; };
		8751C6F82847234A007FAFC4 /* SettingVM.swift in Sources */ = {isa = PBXBuildFile; fileRef = 8751C6F72847234A007FAFC4 /* SettingVM.swift */; };
		8751C6FA28472A8D007FAFC4 /* Collection.swift in Sources */ = {isa = PBXBuildFile; fileRef = 8751C6F928472A8D007FAFC4 /* Collection.swift */; };
		875AA59C26494365005D15D6 /* taskSelectViewController.swift in Sources */ = {isa = PBXBuildFile; fileRef = 875AA59B26494365005D15D6 /* taskSelectViewController.swift */; };
		876743352689E15600E690E4 /* calendarViewController.swift in Sources */ = {isa = PBXBuildFile; fileRef = 876743342689E15600E690E4 /* calendarViewController.swift */; };
		8769349727E1BBAF00D33F51 /* TodoCell.swift in Sources */ = {isa = PBXBuildFile; fileRef = 8769349627E1BBAF00D33F51 /* TodoCell.swift */; };
		876A85552832135E00978035 /* daily.swift in Sources */ = {isa = PBXBuildFile; fileRef = 876A85542832135E00978035 /* daily.swift */; };
		876C107B264A635100CCCDB7 /* firstViewController.swift in Sources */ = {isa = PBXBuildFile; fileRef = 876C107A264A635100CCCDB7 /* firstViewController.swift */; };
		8772E91626705EE100A191BF /* TodolistViewController.swift in Sources */ = {isa = PBXBuildFile; fileRef = 8772E91526705EE100A191BF /* TodolistViewController.swift */; };
		8773AF4D27DCB59400739A09 /* FirebaseAnalytics in Frameworks */ = {isa = PBXBuildFile; productRef = 8773AF4C27DCB59400739A09 /* FirebaseAnalytics */; };
		8773AF4F27DCB59400739A09 /* FirebaseDatabase in Frameworks */ = {isa = PBXBuildFile; productRef = 8773AF4E27DCB59400739A09 /* FirebaseDatabase */; };
		8773AF5227DCB5D100739A09 /* FSCalendar in Frameworks */ = {isa = PBXBuildFile; productRef = 8773AF5127DCB5D100739A09 /* FSCalendar */; };
		877E448C267DF8DD00BF104A /* Dumy.swift in Sources */ = {isa = PBXBuildFile; fileRef = 877E448B267DF8DD00BF104A /* Dumy.swift */; };
		878431AD27F6F461000A98B3 /* TodolistVM.swift in Sources */ = {isa = PBXBuildFile; fileRef = 878431AC27F6F461000A98B3 /* TodolistVM.swift */; };
		878B507225B6E31600B9EFD7 /* timer.mp3 in Resources */ = {isa = PBXBuildFile; fileRef = 878B507125B6E31600B9EFD7 /* timer.mp3 */; };
		878D3C1F266494380093A2BE /* GoogleService-Info.plist in Resources */ = {isa = PBXBuildFile; fileRef = 878D3C1E266494380093A2BE /* GoogleService-Info.plist */; };
		8791081F28387537005D7B10 /* NetworkURL.swift in Sources */ = {isa = PBXBuildFile; fileRef = 8791081E28387537005D7B10 /* NetworkURL.swift */; };
		87910821283875C0005D7B10 /* NetworkController.swift in Sources */ = {isa = PBXBuildFile; fileRef = 87910820283875C0005D7B10 /* NetworkController.swift */; };
		87910823283875CF005D7B10 /* NetworkProtocols.swift in Sources */ = {isa = PBXBuildFile; fileRef = 87910822283875CF005D7B10 /* NetworkProtocols.swift */; };
		879108252838761B005D7B10 /* NetworkStatus.swift in Sources */ = {isa = PBXBuildFile; fileRef = 879108242838761B005D7B10 /* NetworkStatus.swift */; };
		87910828283876DD005D7B10 /* Alamofire in Frameworks */ = {isa = PBXBuildFile; productRef = 87910827283876DD005D7B10 /* Alamofire */; };
		8791082A283877A4005D7B10 /* Network.swift in Sources */ = {isa = PBXBuildFile; fileRef = 87910829283877A4005D7B10 /* Network.swift */; };
		8791082D28387BA6005D7B10 /* AppstoreVersion.swift in Sources */ = {isa = PBXBuildFile; fileRef = 8791082C28387BA6005D7B10 /* AppstoreVersion.swift */; };
		8791082F28387D1F005D7B10 /* String+Extension.swift in Sources */ = {isa = PBXBuildFile; fileRef = 8791082E28387D1F005D7B10 /* String+Extension.swift */; };
		8791C1F227DCD050000D6BA9 /* Notification+Extension.swift in Sources */ = {isa = PBXBuildFile; fileRef = 8791C1F127DCD050000D6BA9 /* Notification+Extension.swift */; };
		8791C1F427DCD120000D6BA9 /* UserDefaultsManager.swift in Sources */ = {isa = PBXBuildFile; fileRef = 8791C1F327DCD120000D6BA9 /* UserDefaultsManager.swift */; };
		8791C1F627DCE703000D6BA9 /* UIView+Extension.swift in Sources */ = {isa = PBXBuildFile; fileRef = 8791C1F527DCE703000D6BA9 /* UIView+Extension.swift */; };
		879A2BA6284741A500B69DA7 /* SettingHeaderView.swift in Sources */ = {isa = PBXBuildFile; fileRef = 879A2BA5284741A500B69DA7 /* SettingHeaderView.swift */; };
		879A2BA8284746A500B69DA7 /* SettingFooterView.swift in Sources */ = {isa = PBXBuildFile; fileRef = 879A2BA7284746A500B69DA7 /* SettingFooterView.swift */; };
		87A4704826493D4D007B89D6 /* RecordTimes.swift in Sources */ = {isa = PBXBuildFile; fileRef = 87A4704726493D4D007B89D6 /* RecordTimes.swift */; };
		87A4704A26493D6E007B89D6 /* StaticCircularProgressView.swift in Sources */ = {isa = PBXBuildFile; fileRef = 87A4704926493D6E007B89D6 /* StaticCircularProgressView.swift */; };
		87A48BC727DEF0C200F46D0F /* Date+Extension.swift in Sources */ = {isa = PBXBuildFile; fileRef = 87A48BC627DEF0C200F46D0F /* Date+Extension.swift */; };
		87A48BC927DF026800F46D0F /* Int+Extension.swift in Sources */ = {isa = PBXBuildFile; fileRef = 87A48BC827DF026800F46D0F /* Int+Extension.swift */; };
		87A48BCB27DF112B00F46D0F /* LogVM.swift in Sources */ = {isa = PBXBuildFile; fileRef = 87A48BCA27DF112A00F46D0F /* LogVM.swift */; };
		87A48BCD27DF182400F46D0F /* SubjectCell.swift in Sources */ = {isa = PBXBuildFile; fileRef = 87A48BCC27DF182400F46D0F /* SubjectCell.swift */; };
		87A7624726493BB500174401 /* LogViewController.swift in Sources */ = {isa = PBXBuildFile; fileRef = 87A7624626493BB500174401 /* LogViewController.swift */; };
		87A7F5D4267270F800F69EBA /* Todo.swift in Sources */ = {isa = PBXBuildFile; fileRef = 87A7F5D3267270F800F69EBA /* Todo.swift */; };
		87BEBEE9281C17000095CD29 /* RecordController.swift in Sources */ = {isa = PBXBuildFile; fileRef = 87BEBEE8281C17000095CD29 /* RecordController.swift */; };
		87BEBEEB281C19CA0095CD29 /* StopwatchVM.swift in Sources */ = {isa = PBXBuildFile; fileRef = 87BEBEEA281C19CA0095CD29 /* StopwatchVM.swift */; };
		87BEBEED281C282D0095CD29 /* Times.swift in Sources */ = {isa = PBXBuildFile; fileRef = 87BEBEEC281C282D0095CD29 /* Times.swift */; };
		87BEBEEF281CD7EC0095CD29 /* UIViewController+Extension.swift in Sources */ = {isa = PBXBuildFile; fileRef = 87BEBEEE281CD7EC0095CD29 /* UIViewController+Extension.swift */; };
		87C4EB30266A4E8E00A6C3A9 /* todayContentView.swift in Sources */ = {isa = PBXBuildFile; fileRef = 87C4EB2F266A4E8E00A6C3A9 /* todayContentView.swift */; };
		87C51508267AEE40003DA21D /* TodayViewManager.swift in Sources */ = {isa = PBXBuildFile; fileRef = 87C51507267AEE40003DA21D /* TodayViewManager.swift */; };
		87C5150A267B38C0003DA21D /* Converter.swift in Sources */ = {isa = PBXBuildFile; fileRef = 87C51509267B38C0003DA21D /* Converter.swift */; };
		87CA3B512618591100DD9BB5 /* Localizable.strings in Resources */ = {isa = PBXBuildFile; fileRef = 87CA3B532618591100DD9BB5 /* Localizable.strings */; };
		87DAF2EC2669F9F300FAB4CF /* StatisticsViewController.swift in Sources */ = {isa = PBXBuildFile; fileRef = 87DAF2EB2669F9F300FAB4CF /* StatisticsViewController.swift */; };
		87DE1177268AC9AD0012F043 /* DailyManager.swift in Sources */ = {isa = PBXBuildFile; fileRef = 87DE1176268AC9AD0012F043 /* DailyManager.swift */; };
		87DE1179268ACB040012F043 /* DailyViewModel.swift in Sources */ = {isa = PBXBuildFile; fileRef = 87DE1178268ACB040012F043 /* DailyViewModel.swift */; };
		87E6004B28426EBF008D17B9 /* SettingViewController.swift in Sources */ = {isa = PBXBuildFile; fileRef = 87E6004A28426EBF008D17B9 /* SettingViewController.swift */; };
		87F10930284C4337002E31EA /* TiTiFactoryHeaderView.swift in Sources */ = {isa = PBXBuildFile; fileRef = 87F1092F284C4337002E31EA /* TiTiFactoryHeaderView.swift */; };
		87F10932284C4367002E31EA /* SurveyCell.swift in Sources */ = {isa = PBXBuildFile; fileRef = 87F10931284C4367002E31EA /* SurveyCell.swift */; };
		9316ECD5253F40A00082CAE8 /* SetTimerViewController.swift in Sources */ = {isa = PBXBuildFile; fileRef = 9316ECD4253F40A00082CAE8 /* SetTimerViewController.swift */; };
		932EE05A2490A78400B00774 /* SetViewController.swift in Sources */ = {isa = PBXBuildFile; fileRef = 932EE0592490A78400B00774 /* SetViewController.swift */; };
		93A892B124C14D4700F89180 /* CircularProgressView.swift in Sources */ = {isa = PBXBuildFile; fileRef = 93A892B024C14D4700F89180 /* CircularProgressView.swift */; };
		93B08521248DDF2F00E215BD /* AppDelegate.swift in Sources */ = {isa = PBXBuildFile; fileRef = 93B08520248DDF2F00E215BD /* AppDelegate.swift */; };
		93B08523248DDF2F00E215BD /* SceneDelegate.swift in Sources */ = {isa = PBXBuildFile; fileRef = 93B08522248DDF2F00E215BD /* SceneDelegate.swift */; };
		93B08528248DDF2F00E215BD /* Main.storyboard in Resources */ = {isa = PBXBuildFile; fileRef = 93B08526248DDF2F00E215BD /* Main.storyboard */; };
		93B0852D248DDF3000E215BD /* LaunchScreen.storyboard in Resources */ = {isa = PBXBuildFile; fileRef = 93B0852B248DDF3000E215BD /* LaunchScreen.storyboard */; };
		93C1358A2539540F00707258 /* Assets.xcassets in Resources */ = {isa = PBXBuildFile; fileRef = 93B08529248DDF3000E215BD /* Assets.xcassets */; };
/* End PBXBuildFile section */

/* Begin PBXFileReference section */
		87035DF1282201A500055378 /* TimerVM.swift */ = {isa = PBXFileReference; lastKnownFileType = sourcecode.swift; path = TimerVM.swift; sourceTree = "<group>"; };
		87035DF6282225C800055378 /* Protocols.swift */ = {isa = PBXFileReference; lastKnownFileType = sourcecode.swift; path = Protocols.swift; sourceTree = "<group>"; };
		870AE71D25E52941004DD27E /* ContentView.swift */ = {isa = PBXFileReference; lastKnownFileType = sourcecode.swift; path = ContentView.swift; sourceTree = "<group>"; };
		872C0EDA284ADD8300E8E3F2 /* SettingUpdateListVC.swift */ = {isa = PBXFileReference; lastKnownFileType = sourcecode.swift; path = SettingUpdateListVC.swift; sourceTree = "<group>"; };
		872C0EDD284AE52800E8E3F2 /* SettingFunctionsListVC.swift */ = {isa = PBXFileReference; lastKnownFileType = sourcecode.swift; path = SettingFunctionsListVC.swift; sourceTree = "<group>"; };
		872C0EE0284AE57200E8E3F2 /* SettingTiTiFactoryListVC.swift */ = {isa = PBXFileReference; lastKnownFileType = sourcecode.swift; path = SettingTiTiFactoryListVC.swift; sourceTree = "<group>"; };
		872C0EE2284AF26A00E8E3F2 /* UpdateListVM.swift */ = {isa = PBXFileReference; lastKnownFileType = sourcecode.swift; path = UpdateListVM.swift; sourceTree = "<group>"; };
		872C0EE5284AF31000E8E3F2 /* UpdateInfo.swift */ = {isa = PBXFileReference; lastKnownFileType = sourcecode.swift; path = UpdateInfo.swift; sourceTree = "<group>"; };
		872C0EE7284AF5F600E8E3F2 /* UpdateInfoCell.swift */ = {isa = PBXFileReference; lastKnownFileType = sourcecode.swift; path = UpdateInfoCell.swift; sourceTree = "<group>"; };
		872DE54225DCE82700097560 /* SetTimerViewController2.swift */ = {isa = PBXFileReference; lastKnownFileType = sourcecode.swift; path = SetTimerViewController2.swift; sourceTree = "<group>"; };
		87459703263FEF6B00172C0F /* TimerViewController.swift */ = {isa = PBXFileReference; lastKnownFileType = sourcecode.swift; path = TimerViewController.swift; sourceTree = "<group>"; };
		87459705263FF0D700172C0F /* Daily.swift */ = {isa = PBXFileReference; lastKnownFileType = sourcecode.swift; path = Daily.swift; sourceTree = "<group>"; };
		87459707263FF0F000172C0F /* Storage.swift */ = {isa = PBXFileReference; lastKnownFileType = sourcecode.swift; path = Storage.swift; sourceTree = "<group>"; };
		874964F42649590700113E25 /* StopwatchViewController.swift */ = {isa = PBXFileReference; lastKnownFileType = sourcecode.swift; path = StopwatchViewController.swift; sourceTree = "<group>"; };
		874B9D1325CAB232006FCD04 /* HGGGOTHICSSI_PRO_00G.otf */ = {isa = PBXFileReference; lastKnownFileType = file; path = HGGGOTHICSSI_PRO_00G.otf; sourceTree = "<group>"; };
		874B9D1425CAB233006FCD04 /* HGGGOTHICSSI_PRO_60G.otf */ = {isa = PBXFileReference; lastKnownFileType = file; path = HGGGOTHICSSI_PRO_60G.otf; sourceTree = "<group>"; };
		874B9D1525CAB233006FCD04 /* HGGGOTHICSSI_PRO_80G.otf */ = {isa = PBXFileReference; lastKnownFileType = file; path = HGGGOTHICSSI_PRO_80G.otf; sourceTree = "<group>"; };
		874B9D1625CAB233006FCD04 /* HGGGOTHICSSI_PRO_99G.otf */ = {isa = PBXFileReference; lastKnownFileType = file; path = HGGGOTHICSSI_PRO_99G.otf; sourceTree = "<group>"; };
		874B9D1725CAB233006FCD04 /* HGGGOTHICSSI_PRO_20G.otf */ = {isa = PBXFileReference; lastKnownFileType = file; path = HGGGOTHICSSI_PRO_20G.otf; sourceTree = "<group>"; };
		874B9D1825CAB233006FCD04 /* HGGGOTHICSSI_PRO_40G.otf */ = {isa = PBXFileReference; lastKnownFileType = file; path = HGGGOTHICSSI_PRO_40G.otf; sourceTree = "<group>"; };
		8751C6F328472066007FAFC4 /* SettingCell.swift */ = {isa = PBXFileReference; lastKnownFileType = sourcecode.swift; path = SettingCell.swift; sourceTree = "<group>"; };
		8751C6F528472133007FAFC4 /* SettingCellInfo.swift */ = {isa = PBXFileReference; lastKnownFileType = sourcecode.swift; path = SettingCellInfo.swift; sourceTree = "<group>"; };
		8751C6F72847234A007FAFC4 /* SettingVM.swift */ = {isa = PBXFileReference; lastKnownFileType = sourcecode.swift; path = SettingVM.swift; sourceTree = "<group>"; };
		8751C6F928472A8D007FAFC4 /* Collection.swift */ = {isa = PBXFileReference; lastKnownFileType = sourcecode.swift; path = Collection.swift; sourceTree = "<group>"; };
		875AA59B26494365005D15D6 /* taskSelectViewController.swift */ = {isa = PBXFileReference; lastKnownFileType = sourcecode.swift; path = taskSelectViewController.swift; sourceTree = "<group>"; };
		876743342689E15600E690E4 /* calendarViewController.swift */ = {isa = PBXFileReference; lastKnownFileType = sourcecode.swift; path = calendarViewController.swift; sourceTree = "<group>"; };
		8769349627E1BBAF00D33F51 /* TodoCell.swift */ = {isa = PBXFileReference; lastKnownFileType = sourcecode.swift; path = TodoCell.swift; sourceTree = "<group>"; };
		876A85542832135E00978035 /* daily.swift */ = {isa = PBXFileReference; lastKnownFileType = sourcecode.swift; path = daily.swift; sourceTree = "<group>"; };
		876C107A264A635100CCCDB7 /* firstViewController.swift */ = {isa = PBXFileReference; lastKnownFileType = sourcecode.swift; path = firstViewController.swift; sourceTree = "<group>"; };
		8772E91526705EE100A191BF /* TodolistViewController.swift */ = {isa = PBXFileReference; lastKnownFileType = sourcecode.swift; path = TodolistViewController.swift; sourceTree = "<group>"; };
		877E448B267DF8DD00BF104A /* Dumy.swift */ = {isa = PBXFileReference; lastKnownFileType = sourcecode.swift; path = Dumy.swift; sourceTree = "<group>"; };
		878431AC27F6F461000A98B3 /* TodolistVM.swift */ = {isa = PBXFileReference; lastKnownFileType = sourcecode.swift; path = TodolistVM.swift; sourceTree = "<group>"; };
		878B507125B6E31600B9EFD7 /* timer.mp3 */ = {isa = PBXFileReference; lastKnownFileType = audio.mp3; path = timer.mp3; sourceTree = "<group>"; };
		878D3C1E266494380093A2BE /* GoogleService-Info.plist */ = {isa = PBXFileReference; fileEncoding = 4; lastKnownFileType = text.plist.xml; path = "GoogleService-Info.plist"; sourceTree = "<group>"; };
		8791081E28387537005D7B10 /* NetworkURL.swift */ = {isa = PBXFileReference; lastKnownFileType = sourcecode.swift; path = NetworkURL.swift; sourceTree = "<group>"; };
		87910820283875C0005D7B10 /* NetworkController.swift */ = {isa = PBXFileReference; lastKnownFileType = sourcecode.swift; path = NetworkController.swift; sourceTree = "<group>"; };
		87910822283875CF005D7B10 /* NetworkProtocols.swift */ = {isa = PBXFileReference; lastKnownFileType = sourcecode.swift; path = NetworkProtocols.swift; sourceTree = "<group>"; };
		879108242838761B005D7B10 /* NetworkStatus.swift */ = {isa = PBXFileReference; lastKnownFileType = sourcecode.swift; path = NetworkStatus.swift; sourceTree = "<group>"; };
		87910829283877A4005D7B10 /* Network.swift */ = {isa = PBXFileReference; lastKnownFileType = sourcecode.swift; path = Network.swift; sourceTree = "<group>"; };
		8791082C28387BA6005D7B10 /* AppstoreVersion.swift */ = {isa = PBXFileReference; lastKnownFileType = sourcecode.swift; path = AppstoreVersion.swift; sourceTree = "<group>"; };
		8791082E28387D1F005D7B10 /* String+Extension.swift */ = {isa = PBXFileReference; lastKnownFileType = sourcecode.swift; path = "String+Extension.swift"; sourceTree = "<group>"; };
		8791C1F127DCD050000D6BA9 /* Notification+Extension.swift */ = {isa = PBXFileReference; lastKnownFileType = sourcecode.swift; path = "Notification+Extension.swift"; sourceTree = "<group>"; };
		8791C1F327DCD120000D6BA9 /* UserDefaultsManager.swift */ = {isa = PBXFileReference; lastKnownFileType = sourcecode.swift; path = UserDefaultsManager.swift; sourceTree = "<group>"; };
		8791C1F527DCE703000D6BA9 /* UIView+Extension.swift */ = {isa = PBXFileReference; lastKnownFileType = sourcecode.swift; path = "UIView+Extension.swift"; sourceTree = "<group>"; };
		879A2BA5284741A500B69DA7 /* SettingHeaderView.swift */ = {isa = PBXFileReference; lastKnownFileType = sourcecode.swift; path = SettingHeaderView.swift; sourceTree = "<group>"; };
		879A2BA7284746A500B69DA7 /* SettingFooterView.swift */ = {isa = PBXFileReference; lastKnownFileType = sourcecode.swift; path = SettingFooterView.swift; sourceTree = "<group>"; };
		87A4704726493D4D007B89D6 /* RecordTimes.swift */ = {isa = PBXFileReference; lastKnownFileType = sourcecode.swift; path = RecordTimes.swift; sourceTree = "<group>"; };
		87A4704926493D6E007B89D6 /* StaticCircularProgressView.swift */ = {isa = PBXFileReference; lastKnownFileType = sourcecode.swift; path = StaticCircularProgressView.swift; sourceTree = "<group>"; };
		87A48BC627DEF0C200F46D0F /* Date+Extension.swift */ = {isa = PBXFileReference; lastKnownFileType = sourcecode.swift; path = "Date+Extension.swift"; sourceTree = "<group>"; };
		87A48BC827DF026800F46D0F /* Int+Extension.swift */ = {isa = PBXFileReference; lastKnownFileType = sourcecode.swift; path = "Int+Extension.swift"; sourceTree = "<group>"; };
		87A48BCA27DF112A00F46D0F /* LogVM.swift */ = {isa = PBXFileReference; lastKnownFileType = sourcecode.swift; path = LogVM.swift; sourceTree = "<group>"; };
		87A48BCC27DF182400F46D0F /* SubjectCell.swift */ = {isa = PBXFileReference; lastKnownFileType = sourcecode.swift; path = SubjectCell.swift; sourceTree = "<group>"; };
		87A7624626493BB500174401 /* LogViewController.swift */ = {isa = PBXFileReference; lastKnownFileType = sourcecode.swift; path = LogViewController.swift; sourceTree = "<group>"; };
		87A7F5D3267270F800F69EBA /* Todo.swift */ = {isa = PBXFileReference; lastKnownFileType = sourcecode.swift; path = Todo.swift; sourceTree = "<group>"; };
		87BEBEE8281C17000095CD29 /* RecordController.swift */ = {isa = PBXFileReference; lastKnownFileType = sourcecode.swift; path = RecordController.swift; sourceTree = "<group>"; };
		87BEBEEA281C19CA0095CD29 /* StopwatchVM.swift */ = {isa = PBXFileReference; lastKnownFileType = sourcecode.swift; path = StopwatchVM.swift; sourceTree = "<group>"; };
		87BEBEEC281C282D0095CD29 /* Times.swift */ = {isa = PBXFileReference; lastKnownFileType = sourcecode.swift; path = Times.swift; sourceTree = "<group>"; };
		87BEBEEE281CD7EC0095CD29 /* UIViewController+Extension.swift */ = {isa = PBXFileReference; lastKnownFileType = sourcecode.swift; path = "UIViewController+Extension.swift"; sourceTree = "<group>"; };
		87C4EB2F266A4E8E00A6C3A9 /* todayContentView.swift */ = {isa = PBXFileReference; lastKnownFileType = sourcecode.swift; path = todayContentView.swift; sourceTree = "<group>"; };
		87C51507267AEE40003DA21D /* TodayViewManager.swift */ = {isa = PBXFileReference; lastKnownFileType = sourcecode.swift; path = TodayViewManager.swift; sourceTree = "<group>"; };
		87C51509267B38C0003DA21D /* Converter.swift */ = {isa = PBXFileReference; lastKnownFileType = sourcecode.swift; path = Converter.swift; sourceTree = "<group>"; };
		87CA3B522618591100DD9BB5 /* en */ = {isa = PBXFileReference; lastKnownFileType = text.plist.strings; name = en; path = en.lproj/Localizable.strings; sourceTree = "<group>"; };
		87CA3B552618591F00DD9BB5 /* ko */ = {isa = PBXFileReference; lastKnownFileType = text.plist.strings; name = ko; path = ko.lproj/Main.strings; sourceTree = "<group>"; };
		87CA3B562618591F00DD9BB5 /* ko */ = {isa = PBXFileReference; lastKnownFileType = text.plist.strings; name = ko; path = ko.lproj/LaunchScreen.strings; sourceTree = "<group>"; };
		87CA3B572618591F00DD9BB5 /* ko */ = {isa = PBXFileReference; lastKnownFileType = text.plist.strings; name = ko; path = ko.lproj/Localizable.strings; sourceTree = "<group>"; };
		87DAF2EB2669F9F300FAB4CF /* StatisticsViewController.swift */ = {isa = PBXFileReference; lastKnownFileType = sourcecode.swift; path = StatisticsViewController.swift; sourceTree = "<group>"; };
		87DE1176268AC9AD0012F043 /* DailyManager.swift */ = {isa = PBXFileReference; lastKnownFileType = sourcecode.swift; path = DailyManager.swift; sourceTree = "<group>"; };
		87DE1178268ACB040012F043 /* DailyViewModel.swift */ = {isa = PBXFileReference; lastKnownFileType = sourcecode.swift; path = DailyViewModel.swift; sourceTree = "<group>"; };
		87E6004A28426EBF008D17B9 /* SettingViewController.swift */ = {isa = PBXFileReference; lastKnownFileType = sourcecode.swift; path = SettingViewController.swift; sourceTree = "<group>"; };
		87F1092F284C4337002E31EA /* TiTiFactoryHeaderView.swift */ = {isa = PBXFileReference; lastKnownFileType = sourcecode.swift; path = TiTiFactoryHeaderView.swift; sourceTree = "<group>"; };
		87F10931284C4367002E31EA /* SurveyCell.swift */ = {isa = PBXFileReference; lastKnownFileType = sourcecode.swift; path = SurveyCell.swift; sourceTree = "<group>"; };
		9316ECD4253F40A00082CAE8 /* SetTimerViewController.swift */ = {isa = PBXFileReference; lastKnownFileType = sourcecode.swift; path = SetTimerViewController.swift; sourceTree = "<group>"; };
		932EE0592490A78400B00774 /* SetViewController.swift */ = {isa = PBXFileReference; lastKnownFileType = sourcecode.swift; path = SetViewController.swift; sourceTree = "<group>"; };
		93A892B024C14D4700F89180 /* CircularProgressView.swift */ = {isa = PBXFileReference; lastKnownFileType = sourcecode.swift; path = CircularProgressView.swift; sourceTree = "<group>"; };
		93B0851D248DDF2F00E215BD /* TiTi.app */ = {isa = PBXFileReference; explicitFileType = wrapper.application; includeInIndex = 0; path = TiTi.app; sourceTree = BUILT_PRODUCTS_DIR; };
		93B08520248DDF2F00E215BD /* AppDelegate.swift */ = {isa = PBXFileReference; lastKnownFileType = sourcecode.swift; path = AppDelegate.swift; sourceTree = "<group>"; };
		93B08522248DDF2F00E215BD /* SceneDelegate.swift */ = {isa = PBXFileReference; lastKnownFileType = sourcecode.swift; path = SceneDelegate.swift; sourceTree = "<group>"; };
		93B08527248DDF2F00E215BD /* Base */ = {isa = PBXFileReference; lastKnownFileType = file.storyboard; name = Base; path = Base.lproj/Main.storyboard; sourceTree = "<group>"; };
		93B08529248DDF3000E215BD /* Assets.xcassets */ = {isa = PBXFileReference; lastKnownFileType = folder.assetcatalog; path = Assets.xcassets; sourceTree = "<group>"; };
		93B0852C248DDF3000E215BD /* Base */ = {isa = PBXFileReference; lastKnownFileType = file.storyboard; name = Base; path = Base.lproj/LaunchScreen.storyboard; sourceTree = "<group>"; };
		93B0852E248DDF3000E215BD /* Info.plist */ = {isa = PBXFileReference; lastKnownFileType = text.plist.xml; path = Info.plist; sourceTree = "<group>"; };
		93B08534248DEEBA00E215BD /* Project_Timer.entitlements */ = {isa = PBXFileReference; lastKnownFileType = text.plist.entitlements; path = Project_Timer.entitlements; sourceTree = "<group>"; };
/* End PBXFileReference section */

/* Begin PBXFrameworksBuildPhase section */
		93B0851A248DDF2F00E215BD /* Frameworks */ = {
			isa = PBXFrameworksBuildPhase;
			buildActionMask = 2147483647;
			files = (
				8773AF4F27DCB59400739A09 /* FirebaseDatabase in Frameworks */,
				87910828283876DD005D7B10 /* Alamofire in Frameworks */,
				8773AF5227DCB5D100739A09 /* FSCalendar in Frameworks */,
				8773AF4D27DCB59400739A09 /* FirebaseAnalytics in Frameworks */,
			);
			runOnlyForDeploymentPostprocessing = 0;
		};
/* End PBXFrameworksBuildPhase section */

/* Begin PBXGroup section */
		872C0ED9284ADD6800E8E3F2 /* UpdateList */ = {
			isa = PBXGroup;
			children = (
				872C0EDA284ADD8300E8E3F2 /* SettingUpdateListVC.swift */,
				872C0EE2284AF26A00E8E3F2 /* UpdateListVM.swift */,
				872C0EE5284AF31000E8E3F2 /* UpdateInfo.swift */,
				872C0EE7284AF5F600E8E3F2 /* UpdateInfoCell.swift */,
			);
			path = UpdateList;
			sourceTree = "<group>";
		};
		872C0EDC284AE51300E8E3F2 /* SettingFunctionsList */ = {
			isa = PBXGroup;
			children = (
				872C0EDD284AE52800E8E3F2 /* SettingFunctionsListVC.swift */,
			);
			path = SettingFunctionsList;
			sourceTree = "<group>";
		};
		872C0EDF284AE56700E8E3F2 /* SettingTiTiFactoryList */ = {
			isa = PBXGroup;
			children = (
				872C0EE0284AE57200E8E3F2 /* SettingTiTiFactoryListVC.swift */,
				87F1092F284C4337002E31EA /* TiTiFactoryHeaderView.swift */,
				87F10931284C4367002E31EA /* SurveyCell.swift */,
			);
			path = SettingTiTiFactoryList;
			sourceTree = "<group>";
		};
		872C0EE4284AF2D000E8E3F2 /* Main */ = {
			isa = PBXGroup;
			children = (
				87E6004A28426EBF008D17B9 /* SettingViewController.swift */,
				8751C6F72847234A007FAFC4 /* SettingVM.swift */,
				8751C6F328472066007FAFC4 /* SettingCell.swift */,
				8751C6F528472133007FAFC4 /* SettingCellInfo.swift */,
				879A2BA5284741A500B69DA7 /* SettingHeaderView.swift */,
				879A2BA7284746A500B69DA7 /* SettingFooterView.swift */,
			);
			path = Main;
			sourceTree = "<group>";
		};
		87379F982615979D00A9445E /* Model */ = {
			isa = PBXGroup;
			children = (
				87459705263FF0D700172C0F /* Daily.swift */,
				87459707263FF0F000172C0F /* Storage.swift */,
				87A4704726493D4D007B89D6 /* RecordTimes.swift */,
				877E448B267DF8DD00BF104A /* Dumy.swift */,
				87BEBEEC281C282D0095CD29 /* Times.swift */,
			);
			path = Model;
			sourceTree = "<group>";
		};
		874B9D1225CAB1EE006FCD04 /* fonts */ = {
			isa = PBXGroup;
			children = (
				874B9D1325CAB232006FCD04 /* HGGGOTHICSSI_PRO_00G.otf */,
				874B9D1725CAB233006FCD04 /* HGGGOTHICSSI_PRO_20G.otf */,
				874B9D1825CAB233006FCD04 /* HGGGOTHICSSI_PRO_40G.otf */,
				874B9D1425CAB233006FCD04 /* HGGGOTHICSSI_PRO_60G.otf */,
				874B9D1525CAB233006FCD04 /* HGGGOTHICSSI_PRO_80G.otf */,
				874B9D1625CAB233006FCD04 /* HGGGOTHICSSI_PRO_99G.otf */,
			);
			path = fonts;
			sourceTree = "<group>";
		};
		8762717127DF83E400F812ED /* TaskSelect */ = {
			isa = PBXGroup;
			children = (
				875AA59B26494365005D15D6 /* taskSelectViewController.swift */,
			);
			path = TaskSelect;
			sourceTree = "<group>";
		};
		8762717227DF843B00F812ED /* SwiftUI */ = {
			isa = PBXGroup;
			children = (
				87C4EB2F266A4E8E00A6C3A9 /* todayContentView.swift */,
			);
			path = SwiftUI;
			sourceTree = "<group>";
		};
		8762717327DF88E700F812ED /* View */ = {
			isa = PBXGroup;
			children = (
				93A892B024C14D4700F89180 /* CircularProgressView.swift */,
				87A4704926493D6E007B89D6 /* StaticCircularProgressView.swift */,
			);
			path = View;
			sourceTree = "<group>";
		};
		876A8552283212DE00978035 /* SwiftUI */ = {
			isa = PBXGroup;
			children = (
			);
			path = SwiftUI;
			sourceTree = "<group>";
		};
		876A85532832134500978035 /* Model */ = {
			isa = PBXGroup;
			children = (
				876A85542832135E00978035 /* daily.swift */,
			);
			path = Model;
			sourceTree = "<group>";
		};
		878B507025B6E2FB00B9EFD7 /* component */ = {
			isa = PBXGroup;
			children = (
				874B9D1225CAB1EE006FCD04 /* fonts */,
				878B507125B6E31600B9EFD7 /* timer.mp3 */,
			);
			path = component;
			sourceTree = "<group>";
		};
		8791081D2838752D005D7B10 /* Network */ = {
			isa = PBXGroup;
			children = (
				8791081E28387537005D7B10 /* NetworkURL.swift */,
				87910820283875C0005D7B10 /* NetworkController.swift */,
				87910822283875CF005D7B10 /* NetworkProtocols.swift */,
				879108242838761B005D7B10 /* NetworkStatus.swift */,
				87910829283877A4005D7B10 /* Network.swift */,
				8791082B28387B9B005D7B10 /* DTO */,
			);
			path = Network;
			sourceTree = "<group>";
		};
		8791082B28387B9B005D7B10 /* DTO */ = {
			isa = PBXGroup;
			children = (
				8791082C28387BA6005D7B10 /* AppstoreVersion.swift */,
			);
			path = DTO;
			sourceTree = "<group>";
		};
		8791C1EA27DCCDF4000D6BA9 /* Timer */ = {
			isa = PBXGroup;
			children = (
				87459703263FEF6B00172C0F /* TimerViewController.swift */,
				932EE0592490A78400B00774 /* SetViewController.swift */,
				9316ECD4253F40A00082CAE8 /* SetTimerViewController.swift */,
				87035DF1282201A500055378 /* TimerVM.swift */,
			);
			path = Timer;
			sourceTree = "<group>";
		};
		8791C1EB27DCCDFC000D6BA9 /* Stopwatch */ = {
			isa = PBXGroup;
			children = (
				874964F42649590700113E25 /* StopwatchViewController.swift */,
				872DE54225DCE82700097560 /* SetTimerViewController2.swift */,
				87BEBEEA281C19CA0095CD29 /* StopwatchVM.swift */,
			);
			path = Stopwatch;
			sourceTree = "<group>";
		};
		8791C1EC27DCCE08000D6BA9 /* Todolist */ = {
			isa = PBXGroup;
			children = (
				87A7F5D3267270F800F69EBA /* Todo.swift */,
				8772E91526705EE100A191BF /* TodolistViewController.swift */,
				878431AC27F6F461000A98B3 /* TodolistVM.swift */,
				8769349627E1BBAF00D33F51 /* TodoCell.swift */,
			);
			path = Todolist;
			sourceTree = "<group>";
		};
		8791C1ED27DCCE10000D6BA9 /* Logs */ = {
			isa = PBXGroup;
			children = (
				87A7624626493BB500174401 /* LogViewController.swift */,
				87A48BCA27DF112A00F46D0F /* LogVM.swift */,
				87A48BCC27DF182400F46D0F /* SubjectCell.swift */,
				876A85532832134500978035 /* Model */,
				87A48BC427DEEF5F00F46D0F /* SwiftUI */,
			);
			path = Logs;
			sourceTree = "<group>";
		};
		8791C1EF27DCCF26000D6BA9 /* First */ = {
			isa = PBXGroup;
			children = (
				876C107A264A635100CCCDB7 /* firstViewController.swift */,
			);
			path = First;
			sourceTree = "<group>";
		};
		8791C1F027DCD03E000D6BA9 /* Global */ = {
			isa = PBXGroup;
			children = (
				87035DF6282225C800055378 /* Protocols.swift */,
				8791C1F327DCD120000D6BA9 /* UserDefaultsManager.swift */,
				87DE1178268ACB040012F043 /* DailyViewModel.swift */,
				87DE1176268AC9AD0012F043 /* DailyManager.swift */,
				87C51509267B38C0003DA21D /* Converter.swift */,
				87A48BC527DEF0B200F46D0F /* Extension */,
				8762717327DF88E700F812ED /* View */,
				87379F982615979D00A9445E /* Model */,
			);
			path = Global;
			sourceTree = "<group>";
		};
		87A48BC427DEEF5F00F46D0F /* SwiftUI */ = {
			isa = PBXGroup;
			children = (
				870AE71D25E52941004DD27E /* ContentView.swift */,
			);
			path = SwiftUI;
			sourceTree = "<group>";
		};
		87A48BC527DEF0B200F46D0F /* Extension */ = {
			isa = PBXGroup;
			children = (
				876A8552283212DE00978035 /* SwiftUI */,
				8791C1F127DCD050000D6BA9 /* Notification+Extension.swift */,
				8791C1F527DCE703000D6BA9 /* UIView+Extension.swift */,
				87A48BC627DEF0C200F46D0F /* Date+Extension.swift */,
				87A48BC827DF026800F46D0F /* Int+Extension.swift */,
				87BEBEEE281CD7EC0095CD29 /* UIViewController+Extension.swift */,
				8791082E28387D1F005D7B10 /* String+Extension.swift */,
				8751C6F928472A8D007FAFC4 /* Collection.swift */,
			);
			path = Extension;
			sourceTree = "<group>";
		};
		87A48BCE27DF189D00F46D0F /* Statistics */ = {
			isa = PBXGroup;
			children = (
				87DAF2EB2669F9F300FAB4CF /* StatisticsViewController.swift */,
				87C51507267AEE40003DA21D /* TodayViewManager.swift */,
				876743342689E15600E690E4 /* calendarViewController.swift */,
				8762717227DF843B00F812ED /* SwiftUI */,
			);
			path = Statistics;
			sourceTree = "<group>";
		};
		87BEBEE7281C16D80095CD29 /* RecordController */ = {
			isa = PBXGroup;
			children = (
				87BEBEE8281C17000095CD29 /* RecordController.swift */,
			);
			path = RecordController;
			sourceTree = "<group>";
		};
		87E6004928426EA3008D17B9 /* Setting */ = {
			isa = PBXGroup;
			children = (
				872C0EE4284AF2D000E8E3F2 /* Main */,
				872C0EDC284AE51300E8E3F2 /* SettingFunctionsList */,
				872C0EDF284AE56700E8E3F2 /* SettingTiTiFactoryList */,
				872C0ED9284ADD6800E8E3F2 /* UpdateList */,
			);
			path = Setting;
			sourceTree = "<group>";
		};
		93B08514248DDF2F00E215BD = {
			isa = PBXGroup;
			children = (
				93B0851F248DDF2F00E215BD /* Project_Timer */,
				93B0851E248DDF2F00E215BD /* Products */,
			);
			sourceTree = "<group>";
		};
		93B0851E248DDF2F00E215BD /* Products */ = {
			isa = PBXGroup;
			children = (
				93B0851D248DDF2F00E215BD /* TiTi.app */,
			);
			name = Products;
			sourceTree = "<group>";
		};
		93B0851F248DDF2F00E215BD /* Project_Timer */ = {
			isa = PBXGroup;
			children = (
				8791081D2838752D005D7B10 /* Network */,
				8791C1F027DCD03E000D6BA9 /* Global */,
				8791C1EF27DCCF26000D6BA9 /* First */,
				8791C1EA27DCCDF4000D6BA9 /* Timer */,
				8791C1EB27DCCDFC000D6BA9 /* Stopwatch */,
				87BEBEE7281C16D80095CD29 /* RecordController */,
				8762717127DF83E400F812ED /* TaskSelect */,
				8791C1EC27DCCE08000D6BA9 /* Todolist */,
				8791C1ED27DCCE10000D6BA9 /* Logs */,
				87E6004928426EA3008D17B9 /* Setting */,
				87A48BCE27DF189D00F46D0F /* Statistics */,
				878B507025B6E2FB00B9EFD7 /* component */,
				93B08529248DDF3000E215BD /* Assets.xcassets */,
				93B08526248DDF2F00E215BD /* Main.storyboard */,
				93B0852B248DDF3000E215BD /* LaunchScreen.storyboard */,
				87CA3B532618591100DD9BB5 /* Localizable.strings */,
				93B08534248DEEBA00E215BD /* Project_Timer.entitlements */,
				93B08520248DDF2F00E215BD /* AppDelegate.swift */,
				93B08522248DDF2F00E215BD /* SceneDelegate.swift */,
				93B0852E248DDF3000E215BD /* Info.plist */,
				878D3C1E266494380093A2BE /* GoogleService-Info.plist */,
			);
			path = Project_Timer;
			sourceTree = "<group>";
		};
/* End PBXGroup section */

/* Begin PBXNativeTarget section */
		93B0851C248DDF2F00E215BD /* Project_Timer */ = {
			isa = PBXNativeTarget;
			buildConfigurationList = 93B08531248DDF3000E215BD /* Build configuration list for PBXNativeTarget "Project_Timer" */;
			buildPhases = (
				93B08519248DDF2F00E215BD /* Sources */,
				93B0851A248DDF2F00E215BD /* Frameworks */,
				93B0851B248DDF2F00E215BD /* Resources */,
			);
			buildRules = (
			);
			dependencies = (
			);
			name = Project_Timer;
			packageProductDependencies = (
				8773AF4C27DCB59400739A09 /* FirebaseAnalytics */,
				8773AF4E27DCB59400739A09 /* FirebaseDatabase */,
				8773AF5127DCB5D100739A09 /* FSCalendar */,
				87910827283876DD005D7B10 /* Alamofire */,
			);
			productName = Project_Timer;
			productReference = 93B0851D248DDF2F00E215BD /* TiTi.app */;
			productType = "com.apple.product-type.application";
		};
/* End PBXNativeTarget section */

/* Begin PBXProject section */
		93B08515248DDF2F00E215BD /* Project object */ = {
			isa = PBXProject;
			attributes = {
				LastSwiftUpdateCheck = 1150;
				LastUpgradeCheck = 1150;
				ORGANIZATIONNAME = FDEE;
				TargetAttributes = {
					93B0851C248DDF2F00E215BD = {
						CreatedOnToolsVersion = 11.5;
					};
				};
			};
			buildConfigurationList = 93B08518248DDF2F00E215BD /* Build configuration list for PBXProject "Project_Timer" */;
			compatibilityVersion = "Xcode 9.3";
			developmentRegion = en;
			hasScannedForEncodings = 0;
			knownRegions = (
				en,
				Base,
				ko,
			);
			mainGroup = 93B08514248DDF2F00E215BD;
			packageReferences = (
				8773AF4B27DCB59400739A09 /* XCRemoteSwiftPackageReference "firebase-ios-sdk" */,
				8773AF5027DCB5D100739A09 /* XCRemoteSwiftPackageReference "FSCalendar" */,
				87910826283876DD005D7B10 /* XCRemoteSwiftPackageReference "Alamofire" */,
			);
			productRefGroup = 93B0851E248DDF2F00E215BD /* Products */;
			projectDirPath = "";
			projectRoot = "";
			targets = (
				93B0851C248DDF2F00E215BD /* Project_Timer */,
			);
		};
/* End PBXProject section */

/* Begin PBXResourcesBuildPhase section */
		93B0851B248DDF2F00E215BD /* Resources */ = {
			isa = PBXResourcesBuildPhase;
			buildActionMask = 2147483647;
			files = (
				874B9D1925CAB233006FCD04 /* HGGGOTHICSSI_PRO_00G.otf in Resources */,
				878B507225B6E31600B9EFD7 /* timer.mp3 in Resources */,
				87CA3B512618591100DD9BB5 /* Localizable.strings in Resources */,
				874B9D1C25CAB233006FCD04 /* HGGGOTHICSSI_PRO_99G.otf in Resources */,
				93B0852D248DDF3000E215BD /* LaunchScreen.storyboard in Resources */,
				878D3C1F266494380093A2BE /* GoogleService-Info.plist in Resources */,
				874B9D1E25CAB233006FCD04 /* HGGGOTHICSSI_PRO_40G.otf in Resources */,
				874B9D1B25CAB233006FCD04 /* HGGGOTHICSSI_PRO_80G.otf in Resources */,
				93C1358A2539540F00707258 /* Assets.xcassets in Resources */,
				874B9D1A25CAB233006FCD04 /* HGGGOTHICSSI_PRO_60G.otf in Resources */,
				93B08528248DDF2F00E215BD /* Main.storyboard in Resources */,
				874B9D1D25CAB233006FCD04 /* HGGGOTHICSSI_PRO_20G.otf in Resources */,
			);
			runOnlyForDeploymentPostprocessing = 0;
		};
/* End PBXResourcesBuildPhase section */

/* Begin PBXSourcesBuildPhase section */
		93B08519248DDF2F00E215BD /* Sources */ = {
			isa = PBXSourcesBuildPhase;
			buildActionMask = 2147483647;
			files = (
				872C0EE8284AF5F600E8E3F2 /* UpdateInfoCell.swift in Sources */,
				87910821283875C0005D7B10 /* NetworkController.swift in Sources */,
				87BEBEE9281C17000095CD29 /* RecordController.swift in Sources */,
				87A48BCD27DF182400F46D0F /* SubjectCell.swift in Sources */,
				87C51508267AEE40003DA21D /* TodayViewManager.swift in Sources */,
				8791081F28387537005D7B10 /* NetworkURL.swift in Sources */,
				876C107B264A635100CCCDB7 /* firstViewController.swift in Sources */,
				87035DF7282225C800055378 /* Protocols.swift in Sources */,
				872DE54325DCE82700097560 /* SetTimerViewController2.swift in Sources */,
				870AE71E25E52941004DD27E /* ContentView.swift in Sources */,
				87BEBEEB281C19CA0095CD29 /* StopwatchVM.swift in Sources */,
				877E448C267DF8DD00BF104A /* Dumy.swift in Sources */,
				875AA59C26494365005D15D6 /* taskSelectViewController.swift in Sources */,
				87A48BC927DF026800F46D0F /* Int+Extension.swift in Sources */,
				872C0EDE284AE52800E8E3F2 /* SettingFunctionsListVC.swift in Sources */,
				932EE05A2490A78400B00774 /* SetViewController.swift in Sources */,
				8791082A283877A4005D7B10 /* Network.swift in Sources */,
				87C4EB30266A4E8E00A6C3A9 /* todayContentView.swift in Sources */,
				87A48BCB27DF112B00F46D0F /* LogVM.swift in Sources */,
				87F10930284C4337002E31EA /* TiTiFactoryHeaderView.swift in Sources */,
				87A4704826493D4D007B89D6 /* RecordTimes.swift in Sources */,
				872C0EE3284AF26A00E8E3F2 /* UpdateListVM.swift in Sources */,
				93A892B124C14D4700F89180 /* CircularProgressView.swift in Sources */,
				8791C1F427DCD120000D6BA9 /* UserDefaultsManager.swift in Sources */,
				9316ECD5253F40A00082CAE8 /* SetTimerViewController.swift in Sources */,
				879108252838761B005D7B10 /* NetworkStatus.swift in Sources */,
				8751C6F628472133007FAFC4 /* SettingCellInfo.swift in Sources */,
				87DAF2EC2669F9F300FAB4CF /* StatisticsViewController.swift in Sources */,
				87A48BC727DEF0C200F46D0F /* Date+Extension.swift in Sources */,
				876743352689E15600E690E4 /* calendarViewController.swift in Sources */,
				93B08521248DDF2F00E215BD /* AppDelegate.swift in Sources */,
				8791C1F227DCD050000D6BA9 /* Notification+Extension.swift in Sources */,
				878431AD27F6F461000A98B3 /* TodolistVM.swift in Sources */,
				8751C6F82847234A007FAFC4 /* SettingVM.swift in Sources */,
				874964F52649590700113E25 /* StopwatchViewController.swift in Sources */,
				8791082F28387D1F005D7B10 /* String+Extension.swift in Sources */,
				87459704263FEF6B00172C0F /* TimerViewController.swift in Sources */,
				87A4704A26493D6E007B89D6 /* StaticCircularProgressView.swift in Sources */,
				87C5150A267B38C0003DA21D /* Converter.swift in Sources */,
				87BEBEEF281CD7EC0095CD29 /* UIViewController+Extension.swift in Sources */,
				87459706263FF0D700172C0F /* Daily.swift in Sources */,
				872C0EDB284ADD8300E8E3F2 /* SettingUpdateListVC.swift in Sources */,
				872C0EE1284AE57200E8E3F2 /* SettingTiTiFactoryListVC.swift in Sources */,
				872C0EE6284AF31000E8E3F2 /* UpdateInfo.swift in Sources */,
				87E6004B28426EBF008D17B9 /* SettingViewController.swift in Sources */,
				93B08523248DDF2F00E215BD /* SceneDelegate.swift in Sources */,
				87459708263FF0F000172C0F /* Storage.swift in Sources */,
				8791082D28387BA6005D7B10 /* AppstoreVersion.swift in Sources */,
				87DE1179268ACB040012F043 /* DailyViewModel.swift in Sources */,
				87A7F5D4267270F800F69EBA /* Todo.swift in Sources */,
				87BEBEED281C282D0095CD29 /* Times.swift in Sources */,
				8791C1F627DCE703000D6BA9 /* UIView+Extension.swift in Sources */,
				879A2BA8284746A500B69DA7 /* SettingFooterView.swift in Sources */,
				8769349727E1BBAF00D33F51 /* TodoCell.swift in Sources */,
				87910823283875CF005D7B10 /* NetworkProtocols.swift in Sources */,
				8751C6F428472066007FAFC4 /* SettingCell.swift in Sources */,
				87035DF2282201A500055378 /* TimerVM.swift in Sources */,
				87F10932284C4367002E31EA /* SurveyCell.swift in Sources */,
				87A7624726493BB500174401 /* LogViewController.swift in Sources */,
				8751C6FA28472A8D007FAFC4 /* Collection.swift in Sources */,
				879A2BA6284741A500B69DA7 /* SettingHeaderView.swift in Sources */,
				876A85552832135E00978035 /* daily.swift in Sources */,
				8772E91626705EE100A191BF /* TodolistViewController.swift in Sources */,
				87DE1177268AC9AD0012F043 /* DailyManager.swift in Sources */,
			);
			runOnlyForDeploymentPostprocessing = 0;
		};
/* End PBXSourcesBuildPhase section */

/* Begin PBXVariantGroup section */
		87CA3B532618591100DD9BB5 /* Localizable.strings */ = {
			isa = PBXVariantGroup;
			children = (
				87CA3B522618591100DD9BB5 /* en */,
				87CA3B572618591F00DD9BB5 /* ko */,
			);
			name = Localizable.strings;
			sourceTree = "<group>";
		};
		93B08526248DDF2F00E215BD /* Main.storyboard */ = {
			isa = PBXVariantGroup;
			children = (
				93B08527248DDF2F00E215BD /* Base */,
				87CA3B552618591F00DD9BB5 /* ko */,
			);
			name = Main.storyboard;
			sourceTree = "<group>";
		};
		93B0852B248DDF3000E215BD /* LaunchScreen.storyboard */ = {
			isa = PBXVariantGroup;
			children = (
				93B0852C248DDF3000E215BD /* Base */,
				87CA3B562618591F00DD9BB5 /* ko */,
			);
			name = LaunchScreen.storyboard;
			sourceTree = "<group>";
		};
/* End PBXVariantGroup section */

/* Begin XCBuildConfiguration section */
		93B0852F248DDF3000E215BD /* Debug */ = {
			isa = XCBuildConfiguration;
			buildSettings = {
				ALWAYS_SEARCH_USER_PATHS = NO;
				CLANG_ANALYZER_LOCALIZABILITY_NONLOCALIZED = YES;
				CLANG_ANALYZER_NONNULL = YES;
				CLANG_ANALYZER_NUMBER_OBJECT_CONVERSION = YES_AGGRESSIVE;
				CLANG_CXX_LANGUAGE_STANDARD = "gnu++14";
				CLANG_CXX_LIBRARY = "libc++";
				CLANG_ENABLE_MODULES = YES;
				CLANG_ENABLE_OBJC_ARC = YES;
				CLANG_ENABLE_OBJC_WEAK = YES;
				CLANG_WARN_BLOCK_CAPTURE_AUTORELEASING = YES;
				CLANG_WARN_BOOL_CONVERSION = YES;
				CLANG_WARN_COMMA = YES;
				CLANG_WARN_CONSTANT_CONVERSION = YES;
				CLANG_WARN_DEPRECATED_OBJC_IMPLEMENTATIONS = YES;
				CLANG_WARN_DIRECT_OBJC_ISA_USAGE = YES_ERROR;
				CLANG_WARN_DOCUMENTATION_COMMENTS = YES;
				CLANG_WARN_EMPTY_BODY = YES;
				CLANG_WARN_ENUM_CONVERSION = YES;
				CLANG_WARN_INFINITE_RECURSION = YES;
				CLANG_WARN_INT_CONVERSION = YES;
				CLANG_WARN_NON_LITERAL_NULL_CONVERSION = YES;
				CLANG_WARN_OBJC_IMPLICIT_RETAIN_SELF = YES;
				CLANG_WARN_OBJC_LITERAL_CONVERSION = YES;
				CLANG_WARN_OBJC_ROOT_CLASS = YES_ERROR;
				CLANG_WARN_RANGE_LOOP_ANALYSIS = YES;
				CLANG_WARN_STRICT_PROTOTYPES = YES;
				CLANG_WARN_SUSPICIOUS_MOVE = YES;
				CLANG_WARN_UNGUARDED_AVAILABILITY = YES_AGGRESSIVE;
				CLANG_WARN_UNREACHABLE_CODE = YES;
				CLANG_WARN__DUPLICATE_METHOD_MATCH = YES;
				COPY_PHASE_STRIP = NO;
				DEBUG_INFORMATION_FORMAT = dwarf;
				ENABLE_STRICT_OBJC_MSGSEND = YES;
				ENABLE_TESTABILITY = YES;
				GCC_C_LANGUAGE_STANDARD = gnu11;
				GCC_DYNAMIC_NO_PIC = NO;
				GCC_NO_COMMON_BLOCKS = YES;
				GCC_OPTIMIZATION_LEVEL = 0;
				GCC_PREPROCESSOR_DEFINITIONS = (
					"DEBUG=1",
					"$(inherited)",
				);
				GCC_WARN_64_TO_32_BIT_CONVERSION = YES;
				GCC_WARN_ABOUT_RETURN_TYPE = YES_ERROR;
				GCC_WARN_UNDECLARED_SELECTOR = YES;
				GCC_WARN_UNINITIALIZED_AUTOS = YES_AGGRESSIVE;
				GCC_WARN_UNUSED_FUNCTION = YES;
				GCC_WARN_UNUSED_VARIABLE = YES;
				IPHONEOS_DEPLOYMENT_TARGET = 13.5;
				MTL_ENABLE_DEBUG_INFO = INCLUDE_SOURCE;
				MTL_FAST_MATH = YES;
				ONLY_ACTIVE_ARCH = YES;
				SDKROOT = iphoneos;
				SWIFT_ACTIVE_COMPILATION_CONDITIONS = DEBUG;
				SWIFT_OPTIMIZATION_LEVEL = "-Onone";
			};
			name = Debug;
		};
		93B08530248DDF3000E215BD /* Release */ = {
			isa = XCBuildConfiguration;
			buildSettings = {
				ALWAYS_SEARCH_USER_PATHS = NO;
				CLANG_ANALYZER_LOCALIZABILITY_NONLOCALIZED = YES;
				CLANG_ANALYZER_NONNULL = YES;
				CLANG_ANALYZER_NUMBER_OBJECT_CONVERSION = YES_AGGRESSIVE;
				CLANG_CXX_LANGUAGE_STANDARD = "gnu++14";
				CLANG_CXX_LIBRARY = "libc++";
				CLANG_ENABLE_MODULES = YES;
				CLANG_ENABLE_OBJC_ARC = YES;
				CLANG_ENABLE_OBJC_WEAK = YES;
				CLANG_WARN_BLOCK_CAPTURE_AUTORELEASING = YES;
				CLANG_WARN_BOOL_CONVERSION = YES;
				CLANG_WARN_COMMA = YES;
				CLANG_WARN_CONSTANT_CONVERSION = YES;
				CLANG_WARN_DEPRECATED_OBJC_IMPLEMENTATIONS = YES;
				CLANG_WARN_DIRECT_OBJC_ISA_USAGE = YES_ERROR;
				CLANG_WARN_DOCUMENTATION_COMMENTS = YES;
				CLANG_WARN_EMPTY_BODY = YES;
				CLANG_WARN_ENUM_CONVERSION = YES;
				CLANG_WARN_INFINITE_RECURSION = YES;
				CLANG_WARN_INT_CONVERSION = YES;
				CLANG_WARN_NON_LITERAL_NULL_CONVERSION = YES;
				CLANG_WARN_OBJC_IMPLICIT_RETAIN_SELF = YES;
				CLANG_WARN_OBJC_LITERAL_CONVERSION = YES;
				CLANG_WARN_OBJC_ROOT_CLASS = YES_ERROR;
				CLANG_WARN_RANGE_LOOP_ANALYSIS = YES;
				CLANG_WARN_STRICT_PROTOTYPES = YES;
				CLANG_WARN_SUSPICIOUS_MOVE = YES;
				CLANG_WARN_UNGUARDED_AVAILABILITY = YES_AGGRESSIVE;
				CLANG_WARN_UNREACHABLE_CODE = YES;
				CLANG_WARN__DUPLICATE_METHOD_MATCH = YES;
				COPY_PHASE_STRIP = NO;
				DEBUG_INFORMATION_FORMAT = "dwarf-with-dsym";
				ENABLE_NS_ASSERTIONS = NO;
				ENABLE_STRICT_OBJC_MSGSEND = YES;
				GCC_C_LANGUAGE_STANDARD = gnu11;
				GCC_NO_COMMON_BLOCKS = YES;
				GCC_WARN_64_TO_32_BIT_CONVERSION = YES;
				GCC_WARN_ABOUT_RETURN_TYPE = YES_ERROR;
				GCC_WARN_UNDECLARED_SELECTOR = YES;
				GCC_WARN_UNINITIALIZED_AUTOS = YES_AGGRESSIVE;
				GCC_WARN_UNUSED_FUNCTION = YES;
				GCC_WARN_UNUSED_VARIABLE = YES;
				IPHONEOS_DEPLOYMENT_TARGET = 13.5;
				MTL_ENABLE_DEBUG_INFO = NO;
				MTL_FAST_MATH = YES;
				SDKROOT = iphoneos;
				SWIFT_COMPILATION_MODE = wholemodule;
				SWIFT_OPTIMIZATION_LEVEL = "-O";
				VALIDATE_PRODUCT = YES;
			};
			name = Release;
		};
		93B08532248DDF3000E215BD /* Debug */ = {
			isa = XCBuildConfiguration;
			buildSettings = {
				ASSETCATALOG_COMPILER_APPICON_NAME = AppIcon;
				CODE_SIGN_ENTITLEMENTS = Project_Timer/Project_Timer.entitlements;
				CODE_SIGN_STYLE = Automatic;
				CURRENT_PROJECT_VERSION = 1;
				DEVELOPMENT_TEAM = 2C96RNDN63;
				INFOPLIST_FILE = Project_Timer/Info.plist;
				IPHONEOS_DEPLOYMENT_TARGET = 14.0;
				LD_RUNPATH_SEARCH_PATHS = (
					"$(inherited)",
					"@executable_path/Frameworks",
				);
				MARKETING_VERSION = 6.5.3;
				PRODUCT_BUNDLE_IDENTIFIER = com.FDEE.TiTi;
				PRODUCT_NAME = TiTi;
				SUPPORTS_MACCATALYST = YES;
				SUPPORTS_MAC_DESIGNED_FOR_IPHONE_IPAD = NO;
				SWIFT_VERSION = 5.0;
				TARGETED_DEVICE_FAMILY = "1,2";
			};
			name = Debug;
		};
		93B08533248DDF3000E215BD /* Release */ = {
			isa = XCBuildConfiguration;
			buildSettings = {
				ASSETCATALOG_COMPILER_APPICON_NAME = AppIcon;
				CODE_SIGN_ENTITLEMENTS = Project_Timer/Project_Timer.entitlements;
				CODE_SIGN_STYLE = Automatic;
				CURRENT_PROJECT_VERSION = 1;
				DEVELOPMENT_TEAM = 2C96RNDN63;
				INFOPLIST_FILE = Project_Timer/Info.plist;
				IPHONEOS_DEPLOYMENT_TARGET = 14.0;
				LD_RUNPATH_SEARCH_PATHS = (
					"$(inherited)",
					"@executable_path/Frameworks",
				);
				MARKETING_VERSION = 6.5.3;
				PRODUCT_BUNDLE_IDENTIFIER = com.FDEE.TiTi;
				PRODUCT_NAME = TiTi;
				SUPPORTS_MACCATALYST = YES;
				SUPPORTS_MAC_DESIGNED_FOR_IPHONE_IPAD = NO;
				SWIFT_VERSION = 5.0;
				TARGETED_DEVICE_FAMILY = "1,2";
			};
			name = Release;
		};
/* End XCBuildConfiguration section */

/* Begin XCConfigurationList section */
		93B08518248DDF2F00E215BD /* Build configuration list for PBXProject "Project_Timer" */ = {
			isa = XCConfigurationList;
			buildConfigurations = (
				93B0852F248DDF3000E215BD /* Debug */,
				93B08530248DDF3000E215BD /* Release */,
			);
			defaultConfigurationIsVisible = 0;
			defaultConfigurationName = Release;
		};
		93B08531248DDF3000E215BD /* Build configuration list for PBXNativeTarget "Project_Timer" */ = {
			isa = XCConfigurationList;
			buildConfigurations = (
				93B08532248DDF3000E215BD /* Debug */,
				93B08533248DDF3000E215BD /* Release */,
			);
			defaultConfigurationIsVisible = 0;
			defaultConfigurationName = Release;
		};
/* End XCConfigurationList section */

/* Begin XCRemoteSwiftPackageReference section */
		8773AF4B27DCB59400739A09 /* XCRemoteSwiftPackageReference "firebase-ios-sdk" */ = {
			isa = XCRemoteSwiftPackageReference;
			repositoryURL = "https://github.com/firebase/firebase-ios-sdk";
			requirement = {
				kind = upToNextMajorVersion;
				minimumVersion = 8.0.0;
			};
		};
		8773AF5027DCB5D100739A09 /* XCRemoteSwiftPackageReference "FSCalendar" */ = {
			isa = XCRemoteSwiftPackageReference;
			repositoryURL = "https://github.com/WenchaoD/FSCalendar.git";
			requirement = {
				kind = upToNextMajorVersion;
				minimumVersion = 2.0.0;
			};
		};
		87910826283876DD005D7B10 /* XCRemoteSwiftPackageReference "Alamofire" */ = {
			isa = XCRemoteSwiftPackageReference;
			repositoryURL = "https://github.com/Alamofire/Alamofire";
			requirement = {
				kind = upToNextMajorVersion;
				minimumVersion = 5.0.0;
			};
		};
/* End XCRemoteSwiftPackageReference section */

/* Begin XCSwiftPackageProductDependency section */
		8773AF4C27DCB59400739A09 /* FirebaseAnalytics */ = {
			isa = XCSwiftPackageProductDependency;
			package = 8773AF4B27DCB59400739A09 /* XCRemoteSwiftPackageReference "firebase-ios-sdk" */;
			productName = FirebaseAnalytics;
		};
		8773AF4E27DCB59400739A09 /* FirebaseDatabase */ = {
			isa = XCSwiftPackageProductDependency;
			package = 8773AF4B27DCB59400739A09 /* XCRemoteSwiftPackageReference "firebase-ios-sdk" */;
			productName = FirebaseDatabase;
		};
		8773AF5127DCB5D100739A09 /* FSCalendar */ = {
			isa = XCSwiftPackageProductDependency;
			package = 8773AF5027DCB5D100739A09 /* XCRemoteSwiftPackageReference "FSCalendar" */;
			productName = FSCalendar;
		};
		87910827283876DD005D7B10 /* Alamofire */ = {
			isa = XCSwiftPackageProductDependency;
			package = 87910826283876DD005D7B10 /* XCRemoteSwiftPackageReference "Alamofire" */;
			productName = Alamofire;
		};
/* End XCSwiftPackageProductDependency section */
	};
	rootObject = 93B08515248DDF2F00E215BD /* Project object */;
}
