// !$*UTF8*$!
{
	archiveVersion = 1;
	classes = {
	};
	objectVersion = 50;
	objects = {

/* Begin PBXBuildFile section */
		932EE05A2490A78400B00774 /* SetViewController.swift in Sources */ = {isa = PBXBuildFile; fileRef = 932EE0592490A78400B00774 /* SetViewController.swift */; };
		9385E91524B9F1AB00BE359E /* timer end sound.wav in Resources */ = {isa = PBXBuildFile; fileRef = 9385E91424B9F1AB00BE359E /* timer end sound.wav */; };
		93A892B124C14D4700F89180 /* CircularProgressView.swift in Sources */ = {isa = PBXBuildFile; fileRef = 93A892B024C14D4700F89180 /* CircularProgressView.swift */; };
		93A892B324C1544A00F89180 /* Test.swift in Sources */ = {isa = PBXBuildFile; fileRef = 93A892B224C1544A00F89180 /* Test.swift */; };
		93B08521248DDF2F00E215BD /* AppDelegate.swift in Sources */ = {isa = PBXBuildFile; fileRef = 93B08520248DDF2F00E215BD /* AppDelegate.swift */; };
		93B08523248DDF2F00E215BD /* SceneDelegate.swift in Sources */ = {isa = PBXBuildFile; fileRef = 93B08522248DDF2F00E215BD /* SceneDelegate.swift */; };
		93B08525248DDF2F00E215BD /* ViewController.swift in Sources */ = {isa = PBXBuildFile; fileRef = 93B08524248DDF2F00E215BD /* ViewController.swift */; };
		93B08528248DDF2F00E215BD /* Main.storyboard in Resources */ = {isa = PBXBuildFile; fileRef = 93B08526248DDF2F00E215BD /* Main.storyboard */; };
		93B0852A248DDF3000E215BD /* Assets.xcassets in Resources */ = {isa = PBXBuildFile; fileRef = 93B08529248DDF3000E215BD /* Assets.xcassets */; };
		93B0852D248DDF3000E215BD /* LaunchScreen.storyboard in Resources */ = {isa = PBXBuildFile; fileRef = 93B0852B248DDF3000E215BD /* LaunchScreen.storyboard */; };
/* End PBXBuildFile section */

/* Begin PBXFileReference section */
		932EE0592490A78400B00774 /* SetViewController.swift */ = {isa = PBXFileReference; lastKnownFileType = sourcecode.swift; path = SetViewController.swift; sourceTree = "<group>"; };
		9385E91424B9F1AB00BE359E /* timer end sound.wav */ = {isa = PBXFileReference; lastKnownFileType = audio.wav; path = "timer end sound.wav"; sourceTree = SOURCE_ROOT; };
		93A892B024C14D4700F89180 /* CircularProgressView.swift */ = {isa = PBXFileReference; lastKnownFileType = sourcecode.swift; path = CircularProgressView.swift; sourceTree = "<group>"; };
		93A892B224C1544A00F89180 /* Test.swift */ = {isa = PBXFileReference; lastKnownFileType = sourcecode.swift; path = Test.swift; sourceTree = "<group>"; };
		93B0851D248DDF2F00E215BD /* TiTi.app */ = {isa = PBXFileReference; explicitFileType = wrapper.application; includeInIndex = 0; path = TiTi.app; sourceTree = BUILT_PRODUCTS_DIR; };
		93B08520248DDF2F00E215BD /* AppDelegate.swift */ = {isa = PBXFileReference; lastKnownFileType = sourcecode.swift; path = AppDelegate.swift; sourceTree = "<group>"; };
		93B08522248DDF2F00E215BD /* SceneDelegate.swift */ = {isa = PBXFileReference; lastKnownFileType = sourcecode.swift; path = SceneDelegate.swift; sourceTree = "<group>"; };
		93B08524248DDF2F00E215BD /* ViewController.swift */ = {isa = PBXFileReference; lastKnownFileType = sourcecode.swift; path = ViewController.swift; sourceTree = "<group>"; };
		93B08527248DDF2F00E215BD /* Base */ = {isa = PBXFileReference; lastKnownFileType = file.storyboard; name = Base; path = Base.lproj/Main.storyboard; sourceTree = "<group>"; };
		93B08529248DDF3000E215BD /* Assets.xcassets */ = {isa = PBXFileReference; lastKnownFileType = folder.assetcatalog; path = Assets.xcassets; sourceTree = "<group>"; };
		93B0852C248DDF3000E215BD /* Base */ = {isa = PBXFileReference; lastKnownFileType = file.storyboard; name = Base; path = Base.lproj/LaunchScreen.storyboard; sourceTree = "<group>"; };
		93B0852E248DDF3000E215BD /* Info.plist */ = {isa = PBXFileReference; lastKnownFileType = text.plist.xml; path = Info.plist; sourceTree = "<group>"; };
		93B08534248DEEBA00E215BD /* Project_Timer.entitlements */ = {isa = PBXFileReference; lastKnownFileType = text.plist.entitlements; path = Project_Timer.entitlements; sourceTree = "<group>"; };
/* End PBXFileReference section */

/* Begin PBXFrameworksBuildPhase section */
		93B0851A248DDF2F00E215BD /* Frameworks */ = {
			isa = PBXFrameworksBuildPhase;
			buildActionMask = 2147483647;
			files = (
			);
			runOnlyForDeploymentPostprocessing = 0;
		};
/* End PBXFrameworksBuildPhase section */

/* Begin PBXGroup section */
		93B08514248DDF2F00E215BD = {
			isa = PBXGroup;
			children = (
				93B0851F248DDF2F00E215BD /* Project_Timer */,
				93B0851E248DDF2F00E215BD /* Products */,
			);
			sourceTree = "<group>";
		};
		93B0851E248DDF2F00E215BD /* Products */ = {
			isa = PBXGroup;
			children = (
				93B0851D248DDF2F00E215BD /* TiTi.app */,
			);
			name = Products;
			sourceTree = "<group>";
		};
		93B0851F248DDF2F00E215BD /* Project_Timer */ = {
			isa = PBXGroup;
			children = (
				93B08534248DEEBA00E215BD /* Project_Timer.entitlements */,
				93B08520248DDF2F00E215BD /* AppDelegate.swift */,
				93B08522248DDF2F00E215BD /* SceneDelegate.swift */,
				93B08524248DDF2F00E215BD /* ViewController.swift */,
				93B08526248DDF2F00E215BD /* Main.storyboard */,
				93A892B024C14D4700F89180 /* CircularProgressView.swift */,
				93A892B224C1544A00F89180 /* Test.swift */,
				932EE0592490A78400B00774 /* SetViewController.swift */,
				93B08529248DDF3000E215BD /* Assets.xcassets */,
				93B0852B248DDF3000E215BD /* LaunchScreen.storyboard */,
				93B0852E248DDF3000E215BD /* Info.plist */,
				9385E91424B9F1AB00BE359E /* timer end sound.wav */,
			);
			path = Project_Timer;
			sourceTree = "<group>";
		};
/* End PBXGroup section */

/* Begin PBXNativeTarget section */
		93B0851C248DDF2F00E215BD /* Project_Timer */ = {
			isa = PBXNativeTarget;
			buildConfigurationList = 93B08531248DDF3000E215BD /* Build configuration list for PBXNativeTarget "Project_Timer" */;
			buildPhases = (
				93B08519248DDF2F00E215BD /* Sources */,
				93B0851A248DDF2F00E215BD /* Frameworks */,
				93B0851B248DDF2F00E215BD /* Resources */,
			);
			buildRules = (
			);
			dependencies = (
			);
			name = Project_Timer;
			productName = Project_Timer;
			productReference = 93B0851D248DDF2F00E215BD /* TiTi.app */;
			productType = "com.apple.product-type.application";
		};
/* End PBXNativeTarget section */

/* Begin PBXProject section */
		93B08515248DDF2F00E215BD /* Project object */ = {
			isa = PBXProject;
			attributes = {
				LastSwiftUpdateCheck = 1150;
				LastUpgradeCheck = 1150;
				ORGANIZATIONNAME = FDEE;
				TargetAttributes = {
					93B0851C248DDF2F00E215BD = {
						CreatedOnToolsVersion = 11.5;
					};
				};
			};
			buildConfigurationList = 93B08518248DDF2F00E215BD /* Build configuration list for PBXProject "Project_Timer" */;
			compatibilityVersion = "Xcode 9.3";
			developmentRegion = en;
			hasScannedForEncodings = 0;
			knownRegions = (
				en,
				Base,
			);
			mainGroup = 93B08514248DDF2F00E215BD;
			productRefGroup = 93B0851E248DDF2F00E215BD /* Products */;
			projectDirPath = "";
			projectRoot = "";
			targets = (
				93B0851C248DDF2F00E215BD /* Project_Timer */,
			);
		};
/* End PBXProject section */

/* Begin PBXResourcesBuildPhase section */
		93B0851B248DDF2F00E215BD /* Resources */ = {
			isa = PBXResourcesBuildPhase;
			buildActionMask = 2147483647;
			files = (
				9385E91524B9F1AB00BE359E /* timer end sound.wav in Resources */,
				93B0852D248DDF3000E215BD /* LaunchScreen.storyboard in Resources */,
				93B0852A248DDF3000E215BD /* Assets.xcassets in Resources */,
				93B08528248DDF2F00E215BD /* Main.storyboard in Resources */,
			);
			runOnlyForDeploymentPostprocessing = 0;
		};
/* End PBXResourcesBuildPhase section */

/* Begin PBXSourcesBuildPhase section */
		93B08519248DDF2F00E215BD /* Sources */ = {
			isa = PBXSourcesBuildPhase;
			buildActionMask = 2147483647;
			files = (
				93B08525248DDF2F00E215BD /* ViewController.swift in Sources */,
				932EE05A2490A78400B00774 /* SetViewController.swift in Sources */,
				93A892B124C14D4700F89180 /* CircularProgressView.swift in Sources */,
				93B08521248DDF2F00E215BD /* AppDelegate.swift in Sources */,
				93B08523248DDF2F00E215BD /* SceneDelegate.swift in Sources */,
				93A892B324C1544A00F89180 /* Test.swift in Sources */,
			);
			runOnlyForDeploymentPostprocessing = 0;
		};
/* End PBXSourcesBuildPhase section */

/* Begin PBXVariantGroup section */
		93B08526248DDF2F00E215BD /* Main.storyboard */ = {
			isa = PBXVariantGroup;
			children = (
				93B08527248DDF2F00E215BD /* Base */,
			);
			name = Main.storyboard;
			sourceTree = "<group>";
		};
		93B0852B248DDF3000E215BD /* LaunchScreen.storyboard */ = {
			isa = PBXVariantGroup;
			children = (
				93B0852C248DDF3000E215BD /* Base */,
			);
			name = LaunchScreen.storyboard;
			sourceTree = "<group>";
		};
/* End PBXVariantGroup section */

/* Begin XCBuildConfiguration section */
		93B0852F248DDF3000E215BD /* Debug */ = {
			isa = XCBuildConfiguration;
			buildSettings = {
				ALWAYS_SEARCH_USER_PATHS = NO;
				CLANG_ANALYZER_NONNULL = YES;
				CLANG_ANALYZER_NUMBER_OBJECT_CONVERSION = YES_AGGRESSIVE;
				CLANG_CXX_LANGUAGE_STANDARD = "gnu++14";
				CLANG_CXX_LIBRARY = "libc++";
				CLANG_ENABLE_MODULES = YES;
				CLANG_ENABLE_OBJC_ARC = YES;
				CLANG_ENABLE_OBJC_WEAK = YES;
				CLANG_WARN_BLOCK_CAPTURE_AUTORELEASING = YES;
				CLANG_WARN_BOOL_CONVERSION = YES;
				CLANG_WARN_COMMA = YES;
				CLANG_WARN_CONSTANT_CONVERSION = YES;
				CLANG_WARN_DEPRECATED_OBJC_IMPLEMENTATIONS = YES;
				CLANG_WARN_DIRECT_OBJC_ISA_USAGE = YES_ERROR;
				CLANG_WARN_DOCUMENTATION_COMMENTS = YES;
				CLANG_WARN_EMPTY_BODY = YES;
				CLANG_WARN_ENUM_CONVERSION = YES;
				CLANG_WARN_INFINITE_RECURSION = YES;
				CLANG_WARN_INT_CONVERSION = YES;
				CLANG_WARN_NON_LITERAL_NULL_CONVERSION = YES;
				CLANG_WARN_OBJC_IMPLICIT_RETAIN_SELF = YES;
				CLANG_WARN_OBJC_LITERAL_CONVERSION = YES;
				CLANG_WARN_OBJC_ROOT_CLASS = YES_ERROR;
				CLANG_WARN_RANGE_LOOP_ANALYSIS = YES;
				CLANG_WARN_STRICT_PROTOTYPES = YES;
				CLANG_WARN_SUSPICIOUS_MOVE = YES;
				CLANG_WARN_UNGUARDED_AVAILABILITY = YES_AGGRESSIVE;
				CLANG_WARN_UNREACHABLE_CODE = YES;
				CLANG_WARN__DUPLICATE_METHOD_MATCH = YES;
				COPY_PHASE_STRIP = NO;
				DEBUG_INFORMATION_FORMAT = dwarf;
				ENABLE_STRICT_OBJC_MSGSEND = YES;
				ENABLE_TESTABILITY = YES;
				GCC_C_LANGUAGE_STANDARD = gnu11;
				GCC_DYNAMIC_NO_PIC = NO;
				GCC_NO_COMMON_BLOCKS = YES;
				GCC_OPTIMIZATION_LEVEL = 0;
				GCC_PREPROCESSOR_DEFINITIONS = (
					"DEBUG=1",
					"$(inherited)",
				);
				GCC_WARN_64_TO_32_BIT_CONVERSION = YES;
				GCC_WARN_ABOUT_RETURN_TYPE = YES_ERROR;
				GCC_WARN_UNDECLARED_SELECTOR = YES;
				GCC_WARN_UNINITIALIZED_AUTOS = YES_AGGRESSIVE;
				GCC_WARN_UNUSED_FUNCTION = YES;
				GCC_WARN_UNUSED_VARIABLE = YES;
				IPHONEOS_DEPLOYMENT_TARGET = 13.5;
				MTL_ENABLE_DEBUG_INFO = INCLUDE_SOURCE;
				MTL_FAST_MATH = YES;
				ONLY_ACTIVE_ARCH = YES;
				SDKROOT = iphoneos;
				SWIFT_ACTIVE_COMPILATION_CONDITIONS = DEBUG;
				SWIFT_OPTIMIZATION_LEVEL = "-Onone";
			};
			name = Debug;
		};
		93B08530248DDF3000E215BD /* Release */ = {
			isa = XCBuildConfiguration;
			buildSettings = {
				ALWAYS_SEARCH_USER_PATHS = NO;
				CLANG_ANALYZER_NONNULL = YES;
				CLANG_ANALYZER_NUMBER_OBJECT_CONVERSION = YES_AGGRESSIVE;
				CLANG_CXX_LANGUAGE_STANDARD = "gnu++14";
				CLANG_CXX_LIBRARY = "libc++";
				CLANG_ENABLE_MODULES = YES;
				CLANG_ENABLE_OBJC_ARC = YES;
				CLANG_ENABLE_OBJC_WEAK = YES;
				CLANG_WARN_BLOCK_CAPTURE_AUTORELEASING = YES;
				CLANG_WARN_BOOL_CONVERSION = YES;
				CLANG_WARN_COMMA = YES;
				CLANG_WARN_CONSTANT_CONVERSION = YES;
				CLANG_WARN_DEPRECATED_OBJC_IMPLEMENTATIONS = YES;
				CLANG_WARN_DIRECT_OBJC_ISA_USAGE = YES_ERROR;
				CLANG_WARN_DOCUMENTATION_COMMENTS = YES;
				CLANG_WARN_EMPTY_BODY = YES;
				CLANG_WARN_ENUM_CONVERSION = YES;
				CLANG_WARN_INFINITE_RECURSION = YES;
				CLANG_WARN_INT_CONVERSION = YES;
				CLANG_WARN_NON_LITERAL_NULL_CONVERSION = YES;
				CLANG_WARN_OBJC_IMPLICIT_RETAIN_SELF = YES;
				CLANG_WARN_OBJC_LITERAL_CONVERSION = YES;
				CLANG_WARN_OBJC_ROOT_CLASS = YES_ERROR;
				CLANG_WARN_RANGE_LOOP_ANALYSIS = YES;
				CLANG_WARN_STRICT_PROTOTYPES = YES;
				CLANG_WARN_SUSPICIOUS_MOVE = YES;
				CLANG_WARN_UNGUARDED_AVAILABILITY = YES_AGGRESSIVE;
				CLANG_WARN_UNREACHABLE_CODE = YES;
				CLANG_WARN__DUPLICATE_METHOD_MATCH = YES;
				COPY_PHASE_STRIP = NO;
				DEBUG_INFORMATION_FORMAT = "dwarf-with-dsym";
				ENABLE_NS_ASSERTIONS = NO;
				ENABLE_STRICT_OBJC_MSGSEND = YES;
				GCC_C_LANGUAGE_STANDARD = gnu11;
				GCC_NO_COMMON_BLOCKS = YES;
				GCC_WARN_64_TO_32_BIT_CONVERSION = YES;
				GCC_WARN_ABOUT_RETURN_TYPE = YES_ERROR;
				GCC_WARN_UNDECLARED_SELECTOR = YES;
				GCC_WARN_UNINITIALIZED_AUTOS = YES_AGGRESSIVE;
				GCC_WARN_UNUSED_FUNCTION = YES;
				GCC_WARN_UNUSED_VARIABLE = YES;
				IPHONEOS_DEPLOYMENT_TARGET = 13.5;
				MTL_ENABLE_DEBUG_INFO = NO;
				MTL_FAST_MATH = YES;
				SDKROOT = iphoneos;
				SWIFT_COMPILATION_MODE = wholemodule;
				SWIFT_OPTIMIZATION_LEVEL = "-O";
				VALIDATE_PRODUCT = YES;
			};
			name = Release;
		};
		93B08532248DDF3000E215BD /* Debug */ = {
			isa = XCBuildConfiguration;
			buildSettings = {
				ASSETCATALOG_COMPILER_APPICON_NAME = AppIcon;
				CODE_SIGN_ENTITLEMENTS = Project_Timer/Project_Timer.entitlements;
				CODE_SIGN_STYLE = Automatic;
				CURRENT_PROJECT_VERSION = 4;
				DEVELOPMENT_TEAM = 2C96RNDN63;
				INFOPLIST_FILE = Project_Timer/Info.plist;
				IPHONEOS_DEPLOYMENT_TARGET = 13.0;
				LD_RUNPATH_SEARCH_PATHS = (
					"$(inherited)",
					"@executable_path/Frameworks",
				);
				MARKETING_VERSION = 2.0.2;
				PRODUCT_BUNDLE_IDENTIFIER = com.FDEE.TiTi;
				PRODUCT_NAME = TiTi;
				SUPPORTS_MACCATALYST = YES;
				SWIFT_VERSION = 5.0;
				TARGETED_DEVICE_FAMILY = "1,2";
			};
			name = Debug;
		};
		93B08533248DDF3000E215BD /* Release */ = {
			isa = XCBuildConfiguration;
			buildSettings = {
				ASSETCATALOG_COMPILER_APPICON_NAME = AppIcon;
				CODE_SIGN_ENTITLEMENTS = Project_Timer/Project_Timer.entitlements;
				CODE_SIGN_STYLE = Automatic;
				CURRENT_PROJECT_VERSION = 4;
				DEVELOPMENT_TEAM = 2C96RNDN63;
				INFOPLIST_FILE = Project_Timer/Info.plist;
				IPHONEOS_DEPLOYMENT_TARGET = 13.0;
				LD_RUNPATH_SEARCH_PATHS = (
					"$(inherited)",
					"@executable_path/Frameworks",
				);
				MARKETING_VERSION = 2.0.2;
				PRODUCT_BUNDLE_IDENTIFIER = com.FDEE.TiTi;
				PRODUCT_NAME = TiTi;
				SUPPORTS_MACCATALYST = YES;
				SWIFT_VERSION = 5.0;
				TARGETED_DEVICE_FAMILY = "1,2";
			};
			name = Release;
		};
/* End XCBuildConfiguration section */

/* Begin XCConfigurationList section */
		93B08518248DDF2F00E215BD /* Build configuration list for PBXProject "Project_Timer" */ = {
			isa = XCConfigurationList;
			buildConfigurations = (
				93B0852F248DDF3000E215BD /* Debug */,
				93B08530248DDF3000E215BD /* Release */,
			);
			defaultConfigurationIsVisible = 0;
			defaultConfigurationName = Release;
		};
		93B08531248DDF3000E215BD /* Build configuration list for PBXNativeTarget "Project_Timer" */ = {
			isa = XCConfigurationList;
			buildConfigurations = (
				93B08532248DDF3000E215BD /* Debug */,
				93B08533248DDF3000E215BD /* Release */,
			);
			defaultConfigurationIsVisible = 0;
			defaultConfigurationName = Release;
		};
/* End XCConfigurationList section */
	};
	rootObject = 93B08515248DDF2F00E215BD /* Project object */;
}
